
Microsoft Visual Studio Solution File, Format Version 12.00
# Visual Studio Version 17
VisualStudioVersion = 17.5.33516.290
MinimumVisualStudioVersion = 10.0.40219.1
Project("{FAE04EC0-301F-11D3-BF4B-00C04F79EFBC}") = "Test task", "Test task.csproj", "{AEDD9EB6-066D-4029-8424-DB32AB9985B8}"
EndProject
Global
	GlobalSection(SolutionConfigurationPlatforms) = preSolution
		Debug|Any CPU = Debug|Any CPU
		Release|Any CPU = Release|Any CPU
	EndGlobalSection
	GlobalSection(ProjectConfigurationPlatforms) = postSolution
		{AEDD9EB6-066D-4029-8424-DB32AB9985B8}.Debug|Any CPU.ActiveCfg = Debug|Any CPU
		{AEDD9EB6-066D-4029-8424-DB32AB9985B8}.Debug|Any CPU.Build.0 = Debug|Any CPU
		{AEDD9EB6-066D-4029-8424-DB32AB9985B8}.Release|Any CPU.ActiveCfg = Release|Any CPU
		{AEDD9EB6-066D-4029-8424-DB32AB9985B8}.Release|Any CPU.Build.0 = Release|Any CPU
	EndGlobalSection
	GlobalSection(SolutionProperties) = preSolution
		HideSolutionNode = FALSE
	EndGlobalSection
	GlobalSection(ExtensibilityGlobals) = postSolution
		SolutionGuid = {A3B14F34-7CB4-4C3F-989D-F50148848486}
	EndGlobalSection
EndGlobal
